<?xml version="1.0" encoding="utf-8"?>
<Project ToolsVersion="4.0" xmlns="http://schemas.microsoft.com/developer/msbuild/2003">
  <ItemGroup>
    <Filter Include="Archivos de origen">
      <UniqueIdentifier>{4FC737F1-C7A5-4376-A066-2A32D752A2FF}</UniqueIdentifier>
      <Extensions>cpp;c;cc;cxx;c++;cppm;ixx;def;odl;idl;hpj;bat;asm;asmx</Extensions>
    </Filter>
    <Filter Include="Archivos de encabezado">
      <UniqueIdentifier>{93995380-89BD-4b04-88EB-625FBE52EBFB}</UniqueIdentifier>
      <Extensions>h;hh;hpp;hxx;h++;hm;inl;inc;ipp;xsd</Extensions>
    </Filter>
    <Filter Include="Archivos de recursos">
      <UniqueIdentifier>{67DA6AB6-F800-4c08-8B7A-83BB121AAD01}</UniqueIdentifier>
      <Extensions>rc;ico;cur;bmp;dlg;rc2;rct;bin;rgs;gif;jpg;jpeg;jpe;resx;tiff;tif;png;wav;mfcribbon-ms</Extensions>
    </Filter>
    <Filter Include="Shaders">
      <UniqueIdentifier>{a630bc66-949b-42ca-9035-f8971c4718b8}</UniqueIdentifier>
    </Filter>
  </ItemGroup>
  <ItemGroup>
    <ClCompile Include="main.cpp">
      <Filter>Archivos de origen</Filter>
    </ClCompile>
    <ClCompile Include="vertexBufferObject.cpp">
      <Filter>Archivos de origen</Filter>
    </ClCompile>
  </ItemGroup>
  <ItemGroup>
    <ClInclude Include="Scene.h">
      <Filter>Archivos de encabezado</Filter>
    </ClInclude>
    <ClInclude Include="skybox.h">
      <Filter>Archivos de encabezado</Filter>
    </ClInclude>
    <ClInclude Include="Lights.h">
      <Filter>Archivos de encabezado</Filter>
    </ClInclude>
    <ClInclude Include="Camera.h">
      <Filter>Archivos de encabezado</Filter>
    </ClInclude>
    <ClInclude Include="Primitivos.h">
      <Filter>Archivos de encabezado</Filter>
    </ClInclude>
    <ClInclude Include="Shader.h">
      <Filter>Archivos de encabezado</Filter>
    </ClInclude>
    <ClInclude Include="Modelo3D.h">
      <Filter>Archivos de encabezado</Filter>
    </ClInclude>
    <ClInclude Include="Load3dmodel.h">
      <Filter>Archivos de encabezado</Filter>
    </ClInclude>
    <ClInclude Include="LoadTexture.h">
      <Filter>Archivos de encabezado</Filter>
    </ClInclude>
    <ClInclude Include="vboindexer.h">
      <Filter>Archivos de encabezado</Filter>
    </ClInclude>
    <ClInclude Include="tangentspace.h">
      <Filter>Archivos de encabezado</Filter>
    </ClInclude>
    <ClInclude Include="Water.h">
      <Filter>Archivos de encabezado</Filter>
    </ClInclude>
    <ClInclude Include="quaternion.h">
      <Filter>Archivos de encabezado</Filter>
    </ClInclude>
    <ClInclude Include="Billboards.h">
      <Filter>Archivos de encabezado</Filter>
    </ClInclude>
    <ClInclude Include="Clouds.h">
      <Filter>Archivos de encabezado</Filter>
    </ClInclude>
    <ClInclude Include="UI.h">
      <Filter>Archivos de encabezado</Filter>
    </ClInclude>
    <ClInclude Include="Text2D.h">
      <Filter>Archivos de encabezado</Filter>
    </ClInclude>
    <ClInclude Include="Terrain.h">
      <Filter>Archivos de encabezado</Filter>
    </ClInclude>
    <ClInclude Include="VectorRR.h">
      <Filter>Archivos de encabezado</Filter>
    </ClInclude>
    <ClInclude Include="vertexBufferObject.h">
      <Filter>Archivos de encabezado</Filter>
    </ClInclude>
    <ClInclude Include="Music.h">
      <Filter>Archivos de encabezado</Filter>
    </ClInclude>
    <ClInclude Include="Collider.h">
      <Filter>Archivos de encabezado</Filter>
    </ClInclude>
    <ClInclude Include="Grass.h">
      <Filter>Archivos de encabezado</Filter>
    </ClInclude>
    <ClInclude Include="Minimapa.h">
      <Filter>Archivos de encabezado</Filter>
    </ClInclude>
  </ItemGroup>
  <ItemGroup>
    <None Include="TransformVertexShader.vertexshader">
      <Filter>Shaders</Filter>
    </None>
    <None Include="TextureFragmentShader.fragmentshader">
      <Filter>Shaders</Filter>
    </None>
    <None Include="NormalMapping.fragmentshader">
      <Filter>Shaders</Filter>
    </None>
    <None Include="NormalMapping.vertexshader">
      <Filter>Shaders</Filter>
    </None>
    <None Include="WaterFragment.fragmentshader">
      <Filter>Shaders</Filter>
    </None>
    <None Include="WaterVertex.vertexhader">
      <Filter>Shaders</Filter>
    </None>
    <None Include="Skybox.fragment">
      <Filter>Shaders</Filter>
    </None>
    <None Include="Skybox.vertex">
      <Filter>Shaders</Filter>
    </None>
    <None Include="billboard.fragment">
      <Filter>Shaders</Filter>
    </None>
    <None Include="billboard.vertex">
      <Filter>Shaders</Filter>
    </None>
    <None Include="Clouds.vertex">
      <Filter>Shaders</Filter>
    </None>
    <None Include="Clouds.fragment">
      <Filter>Shaders</Filter>
    </None>
    <None Include="TextoUI.fragment">
      <Filter>Shaders</Filter>
    </None>
    <None Include="TextoUI.vertex">
      <Filter>Shaders</Filter>
    </None>
    <None Include="Terrain.vertex">
      <Filter>Shaders</Filter>
    </None>
    <None Include="Terrain.fragment">
      <Filter>Shaders</Filter>
    </None>
    <None Include="Grass.vertex">
      <Filter>Shaders</Filter>
    </None>
    <None Include="Grass.fragment">
      <Filter>Shaders</Filter>
    </None>
    <None Include="Grass.geom">
      <Filter>Shaders</Filter>
    </None>
    <None Include="DepthRTT.vertexshader">
      <Filter>Shaders</Filter>
    </None>
    <None Include="DepthRTT.fragmentshader">
      <Filter>Shaders</Filter>
    </None>
    <None Include="Passthrough.vertexshader">
      <Filter>Shaders</Filter>
    </None>
    <None Include="SimpleTexture.fragmentshader">
      <Filter>Shaders</Filter>
    </None>
    <None Include="minimap.vertex">
      <Filter>Shaders</Filter>
    </None>
    <None Include="minimap.frag">
      <Filter>Shaders</Filter>
    </None>
  </ItemGroup>
</Project>